{
  "version": 4,
  "terraform_version": "1.2.8",
  "serial": 14,
  "lineage": "6f0c2f8c-f775-b29c-b5b2-b4eae68d0831",
  "outputs": {},
  "resources": [
    {
      "module": "module.azurerm_network_security_group",
      "mode": "managed",
      "type": "azurerm_network_security_group",
      "name": "sg",
      "provider": "module.azurerm_network_security_group.provider[\"registry.terraform.io/hashicorp/azurerm\"]",
      "instances": [
        {
          "schema_version": 0,
          "attributes": {
            "id": "/subscriptions/69c2c84c-6aa7-485f-879d-158288b4a49f/resourceGroups/testkjdsk/providers/Microsoft.Network/networkSecurityGroups/steve-sg",
            "location": "eastus",
            "name": "steve-sg",
            "resource_group_name": "testkjdsk",
            "security_rule": [
              {
                "access": "Allow",
                "description": "",
                "destination_address_prefix": "*",
                "destination_address_prefixes": [],
                "destination_application_security_group_ids": [],
                "destination_port_range": "*",
                "destination_port_ranges": [],
                "direction": "Inbound",
                "name": "test123",
                "priority": 100,
                "protocol": "Tcp",
                "source_address_prefix": "*",
                "source_address_prefixes": [],
                "source_application_security_group_ids": [],
                "source_port_range": "*",
                "source_port_ranges": []
              }
            ],
            "tags": {
              "environment": "Production"
            },
            "timeouts": null
          },
          "sensitive_attributes": [],
          "private": "eyJlMmJmYjczMC1lY2FhLTExZTYtOGY4OC0zNDM2M2JjN2M0YzAiOnsiY3JlYXRlIjoxODAwMDAwMDAwMDAwLCJkZWxldGUiOjE4MDAwMDAwMDAwMDAsInJlYWQiOjMwMDAwMDAwMDAwMCwidXBkYXRlIjoxODAwMDAwMDAwMDAwfX0=",
          "dependencies": [
            "module.azurerm_resource_group.azurerm_resource_group.example-rg"
          ]
        }
      ]
    },
    {
      "module": "module.azurerm_resource_group",
      "mode": "managed",
      "type": "azurerm_resource_group",
      "name": "example-rg",
      "provider": "module.azurerm_resource_group.provider[\"registry.terraform.io/hashicorp/azurerm\"]",
      "instances": [
        {
          "schema_version": 0,
          "attributes": {
            "id": "/subscriptions/69c2c84c-6aa7-485f-879d-158288b4a49f/resourceGroups/testkjdsk",
            "location": "eastus",
            "name": "testkjdsk",
            "tags": null,
            "timeouts": null
          },
          "sensitive_attributes": [],
          "private": "eyJlMmJmYjczMC1lY2FhLTExZTYtOGY4OC0zNDM2M2JjN2M0YzAiOnsiY3JlYXRlIjo1NDAwMDAwMDAwMDAwLCJkZWxldGUiOjU0MDAwMDAwMDAwMDAsInJlYWQiOjMwMDAwMDAwMDAwMCwidXBkYXRlIjo1NDAwMDAwMDAwMDAwfX0="
        }
      ]
    },
    {
      "module": "module.azurerm_virtual_network",
      "mode": "managed",
      "type": "azurerm_virtual_network",
      "name": "example-vnet",
      "provider": "module.azurerm_virtual_network.provider[\"registry.terraform.io/hashicorp/azurerm\"]",
      "instances": [
        {
          "schema_version": 0,
          "attributes": {
            "address_space": [
              "10.0.0.0/16"
            ],
            "bgp_community": "",
            "ddos_protection_plan": [],
            "dns_servers": [],
            "flow_timeout_in_minutes": 0,
            "guid": "0af8625f-04d6-4ed0-8376-55601c942a33",
            "id": "/subscriptions/69c2c84c-6aa7-485f-879d-158288b4a49f/resourceGroups/testkjdsk/providers/Microsoft.Network/virtualNetworks/steve-vnet",
            "location": "eastus",
            "name": "steve-vnet",
            "resource_group_name": "testkjdsk",
            "subnet": [],
            "tags": null,
            "timeouts": null,
            "vm_protection_enabled": false
          },
          "sensitive_attributes": [],
          "private": "eyJlMmJmYjczMC1lY2FhLTExZTYtOGY4OC0zNDM2M2JjN2M0YzAiOnsiY3JlYXRlIjoxODAwMDAwMDAwMDAwLCJkZWxldGUiOjE4MDAwMDAwMDAwMDAsInJlYWQiOjMwMDAwMDAwMDAwMCwidXBkYXRlIjoxODAwMDAwMDAwMDAwfX0=",
          "dependencies": [
            "module.azurerm_resource_group.azurerm_resource_group.example-rg"
          ]
        }
      ]
    },
    {
      "module": "module.vmss",
      "mode": "data",
      "type": "azurerm_image",
      "name": "image",
      "provider": "module.vmss.provider[\"registry.terraform.io/hashicorp/azurerm\"]",
      "instances": [
        {
          "schema_version": 0,
          "attributes": {
            "data_disk": [],
            "id": "/subscriptions/69c2c84c-6aa7-485f-879d-158288b4a49f/resourceGroups/packerGroup/providers/Microsoft.Compute/images/myPackerImage",
            "location": "eastus",
            "name": "myPackerImage",
            "name_regex": null,
            "os_disk": [
              {
                "blob_uri": "",
                "caching": "ReadWrite",
                "managed_disk_id": "/subscriptions/69c2c84c-6aa7-485f-879d-158288b4a49f/resourceGroups/pkr-Resource-Group-077c6hobel/providers/Microsoft.Compute/disks/pkros077c6hobel",
                "os_state": "Generalized",
                "os_type": "Linux",
                "size_gb": 30
              }
            ],
            "resource_group_name": "packerGroup",
            "sort_descending": false,
            "tags": {
              "dept": "Engineering",
              "task": "Image deployment"
            },
            "timeouts": null,
            "zone_resilient": false
          },
          "sensitive_attributes": []
        }
      ]
    },
    {
      "module": "module.vmss",
      "mode": "data",
      "type": "azurerm_resource_group",
      "name": "image",
      "provider": "module.vmss.provider[\"registry.terraform.io/hashicorp/azurerm\"]",
      "instances": [
        {
          "schema_version": 0,
          "attributes": {
            "id": "/subscriptions/69c2c84c-6aa7-485f-879d-158288b4a49f/resourceGroups/packerGroup",
            "location": "eastus",
            "name": "packerGroup",
            "tags": {},
            "timeouts": null
          },
          "sensitive_attributes": []
        }
      ]
    },
    {
      "module": "module.vmss",
      "mode": "managed",
      "type": "azurerm_lb",
      "name": "vmss",
      "provider": "module.vmss.provider[\"registry.terraform.io/hashicorp/azurerm\"]",
      "instances": [
        {
          "schema_version": 0,
          "attributes": {
            "frontend_ip_configuration": [
              {
                "availability_zone": "No-Zone",
                "gateway_load_balancer_frontend_ip_configuration_id": "",
                "id": "/subscriptions/69c2c84c-6aa7-485f-879d-158288b4a49f/resourceGroups/testkjdsk/providers/Microsoft.Network/loadBalancers/vmss-lb/frontendIPConfigurations/PublicIPAddress",
                "inbound_nat_rules": [],
                "load_balancer_rules": [],
                "name": "PublicIPAddress",
                "outbound_rules": [],
                "private_ip_address": "",
                "private_ip_address_allocation": "Dynamic",
                "private_ip_address_version": "",
                "public_ip_address_id": "/subscriptions/69c2c84c-6aa7-485f-879d-158288b4a49f/resourceGroups/testkjdsk/providers/Microsoft.Network/publicIPAddresses/vmss-public-ip",
                "public_ip_prefix_id": "",
                "subnet_id": "",
                "zones": []
              }
            ],
            "id": "/subscriptions/69c2c84c-6aa7-485f-879d-158288b4a49f/resourceGroups/testkjdsk/providers/Microsoft.Network/loadBalancers/vmss-lb",
            "location": "eastus",
            "name": "vmss-lb",
            "private_ip_address": "",
            "private_ip_addresses": [],
            "resource_group_name": "testkjdsk",
            "sku": "Basic",
            "sku_tier": "Regional",
            "tags": {
              "environment": "codelab"
            },
            "timeouts": null
          },
          "sensitive_attributes": [],
          "private": "eyJlMmJmYjczMC1lY2FhLTExZTYtOGY4OC0zNDM2M2JjN2M0YzAiOnsiY3JlYXRlIjoxODAwMDAwMDAwMDAwLCJkZWxldGUiOjE4MDAwMDAwMDAwMDAsInJlYWQiOjMwMDAwMDAwMDAwMCwidXBkYXRlIjoxODAwMDAwMDAwMDAwfX0=",
          "dependencies": [
            "module.azurerm_resource_group.azurerm_resource_group.example-rg",
            "module.vmss.azurerm_public_ip.vmss",
            "module.vmss.random_string.fqdn"
          ]
        }
      ]
    },
    {
      "module": "module.vmss",
      "mode": "managed",
      "type": "azurerm_lb_backend_address_pool",
      "name": "bpepool",
      "provider": "module.vmss.provider[\"registry.terraform.io/hashicorp/azurerm\"]",
      "instances": [
        {
          "schema_version": 0,
          "attributes": {
            "backend_address": [],
            "backend_ip_configurations": [],
            "id": "/subscriptions/69c2c84c-6aa7-485f-879d-158288b4a49f/resourceGroups/testkjdsk/providers/Microsoft.Network/loadBalancers/vmss-lb/backendAddressPools/BackEndAddressPool",
            "load_balancing_rules": [],
            "loadbalancer_id": "/subscriptions/69c2c84c-6aa7-485f-879d-158288b4a49f/resourceGroups/testkjdsk/providers/Microsoft.Network/loadBalancers/vmss-lb",
            "name": "BackEndAddressPool",
            "outbound_rules": [],
            "resource_group_name": "testkjdsk",
            "timeouts": null,
            "tunnel_interface": []
          },
          "sensitive_attributes": [],
          "private": "eyJlMmJmYjczMC1lY2FhLTExZTYtOGY4OC0zNDM2M2JjN2M0YzAiOnsiY3JlYXRlIjoxODAwMDAwMDAwMDAwLCJkZWxldGUiOjE4MDAwMDAwMDAwMDAsInJlYWQiOjMwMDAwMDAwMDAwMCwidXBkYXRlIjoxODAwMDAwMDAwMDAwfX0=",
          "dependencies": [
            "module.azurerm_resource_group.azurerm_resource_group.example-rg",
            "module.vmss.azurerm_lb.vmss",
            "module.vmss.azurerm_public_ip.vmss",
            "module.vmss.random_string.fqdn"
          ]
        }
      ]
    },
    {
      "module": "module.vmss",
      "mode": "managed",
      "type": "azurerm_lb_probe",
      "name": "vmss",
      "provider": "module.vmss.provider[\"registry.terraform.io/hashicorp/azurerm\"]",
      "instances": [
        {
          "schema_version": 0,
          "attributes": {
            "id": "/subscriptions/69c2c84c-6aa7-485f-879d-158288b4a49f/resourceGroups/testkjdsk/providers/Microsoft.Network/loadBalancers/vmss-lb/probes/ssh-running-probe",
            "interval_in_seconds": 15,
            "load_balancer_rules": [],
            "loadbalancer_id": "/subscriptions/69c2c84c-6aa7-485f-879d-158288b4a49f/resourceGroups/testkjdsk/providers/Microsoft.Network/loadBalancers/vmss-lb",
            "name": "ssh-running-probe",
            "number_of_probes": 2,
            "port": 80,
            "protocol": "Tcp",
            "request_path": "",
            "resource_group_name": "testkjdsk",
            "timeouts": null
          },
          "sensitive_attributes": [],
          "private": "eyJlMmJmYjczMC1lY2FhLTExZTYtOGY4OC0zNDM2M2JjN2M0YzAiOnsiY3JlYXRlIjoxODAwMDAwMDAwMDAwLCJkZWxldGUiOjE4MDAwMDAwMDAwMDAsInJlYWQiOjMwMDAwMDAwMDAwMCwidXBkYXRlIjoxODAwMDAwMDAwMDAwfX0=",
          "dependencies": [
            "module.azurerm_resource_group.azurerm_resource_group.example-rg",
            "module.vmss.azurerm_lb.vmss",
            "module.vmss.azurerm_public_ip.vmss",
            "module.vmss.random_string.fqdn"
          ]
        }
      ]
    },
    {
      "module": "module.vmss",
      "mode": "managed",
      "type": "azurerm_lb_rule",
      "name": "lbnatrule",
      "provider": "module.vmss.provider[\"registry.terraform.io/hashicorp/azurerm\"]",
      "instances": [
        {
          "schema_version": 0,
          "attributes": {
            "backend_address_pool_id": "/subscriptions/69c2c84c-6aa7-485f-879d-158288b4a49f/resourceGroups/testkjdsk/providers/Microsoft.Network/loadBalancers/vmss-lb/backendAddressPools/BackEndAddressPool",
            "backend_address_pool_ids": [
              "/subscriptions/69c2c84c-6aa7-485f-879d-158288b4a49f/resourceGroups/testkjdsk/providers/Microsoft.Network/loadBalancers/vmss-lb/backendAddressPools/BackEndAddressPool"
            ],
            "backend_port": 80,
            "disable_outbound_snat": false,
            "enable_floating_ip": false,
            "enable_tcp_reset": false,
            "frontend_ip_configuration_id": "/subscriptions/69c2c84c-6aa7-485f-879d-158288b4a49f/resourceGroups/testkjdsk/providers/Microsoft.Network/loadBalancers/vmss-lb/frontendIPConfigurations/PublicIPAddress",
            "frontend_ip_configuration_name": "PublicIPAddress",
            "frontend_port": 80,
            "id": "/subscriptions/69c2c84c-6aa7-485f-879d-158288b4a49f/resourceGroups/testkjdsk/providers/Microsoft.Network/loadBalancers/vmss-lb/loadBalancingRules/http",
            "idle_timeout_in_minutes": 4,
            "load_distribution": "Default",
            "loadbalancer_id": "/subscriptions/69c2c84c-6aa7-485f-879d-158288b4a49f/resourceGroups/testkjdsk/providers/Microsoft.Network/loadBalancers/vmss-lb",
            "name": "http",
            "probe_id": "/subscriptions/69c2c84c-6aa7-485f-879d-158288b4a49f/resourceGroups/testkjdsk/providers/Microsoft.Network/loadBalancers/vmss-lb/probes/ssh-running-probe",
            "protocol": "Tcp",
            "resource_group_name": "testkjdsk",
            "timeouts": null
          },
          "sensitive_attributes": [],
          "private": "eyJlMmJmYjczMC1lY2FhLTExZTYtOGY4OC0zNDM2M2JjN2M0YzAiOnsiY3JlYXRlIjoxODAwMDAwMDAwMDAwLCJkZWxldGUiOjE4MDAwMDAwMDAwMDAsInJlYWQiOjMwMDAwMDAwMDAwMCwidXBkYXRlIjoxODAwMDAwMDAwMDAwfX0=",
          "dependencies": [
            "module.azurerm_resource_group.azurerm_resource_group.example-rg",
            "module.vmss.azurerm_lb.vmss",
            "module.vmss.azurerm_lb_backend_address_pool.bpepool",
            "module.vmss.azurerm_lb_probe.vmss",
            "module.vmss.azurerm_public_ip.vmss",
            "module.vmss.random_string.fqdn"
          ]
        }
      ]
    },
    {
      "module": "module.vmss",
      "mode": "managed",
      "type": "azurerm_network_interface",
      "name": "jumpbox",
      "provider": "module.vmss.provider[\"registry.terraform.io/hashicorp/azurerm\"]",
      "instances": []
    },
    {
      "module": "module.vmss",
      "mode": "managed",
      "type": "azurerm_public_ip",
      "name": "jumpbox",
      "provider": "module.vmss.provider[\"registry.terraform.io/hashicorp/azurerm\"]",
      "instances": [
        {
          "schema_version": 0,
          "attributes": {
            "allocation_method": "Static",
            "availability_zone": "No-Zone",
            "domain_name_label": "indklv-ssh",
            "fqdn": "indklv-ssh.eastus.cloudapp.azure.com",
            "id": "/subscriptions/69c2c84c-6aa7-485f-879d-158288b4a49f/resourceGroups/testkjdsk/providers/Microsoft.Network/publicIPAddresses/jumpbox-public-ip",
            "idle_timeout_in_minutes": 4,
            "ip_address": "20.169.207.55",
            "ip_tags": null,
            "ip_version": "IPv4",
            "location": "eastus",
            "name": "jumpbox-public-ip",
            "public_ip_prefix_id": null,
            "resource_group_name": "testkjdsk",
            "reverse_fqdn": "",
            "sku": "Basic",
            "sku_tier": "Regional",
            "tags": {
              "environment": "codelab"
            },
            "timeouts": null,
            "zones": []
          },
          "sensitive_attributes": [],
          "private": "eyJlMmJmYjczMC1lY2FhLTExZTYtOGY4OC0zNDM2M2JjN2M0YzAiOnsiY3JlYXRlIjoxODAwMDAwMDAwMDAwLCJkZWxldGUiOjE4MDAwMDAwMDAwMDAsInJlYWQiOjMwMDAwMDAwMDAwMCwidXBkYXRlIjoxODAwMDAwMDAwMDAwfX0=",
          "dependencies": [
            "module.azurerm_resource_group.azurerm_resource_group.example-rg",
            "module.vmss.random_string.fqdn"
          ]
        }
      ]
    },
    {
      "module": "module.vmss",
      "mode": "managed",
      "type": "azurerm_public_ip",
      "name": "vmss",
      "provider": "module.vmss.provider[\"registry.terraform.io/hashicorp/azurerm\"]",
      "instances": [
        {
          "schema_version": 0,
          "attributes": {
            "allocation_method": "Static",
            "availability_zone": "No-Zone",
            "domain_name_label": "indklv",
            "fqdn": "indklv.eastus.cloudapp.azure.com",
            "id": "/subscriptions/69c2c84c-6aa7-485f-879d-158288b4a49f/resourceGroups/testkjdsk/providers/Microsoft.Network/publicIPAddresses/vmss-public-ip",
            "idle_timeout_in_minutes": 4,
            "ip_address": "20.169.205.236",
            "ip_tags": null,
            "ip_version": "IPv4",
            "location": "eastus",
            "name": "vmss-public-ip",
            "public_ip_prefix_id": null,
            "resource_group_name": "testkjdsk",
            "reverse_fqdn": "",
            "sku": "Basic",
            "sku_tier": "Regional",
            "tags": {
              "environment": "codelab"
            },
            "timeouts": null,
            "zones": []
          },
          "sensitive_attributes": [],
          "private": "eyJlMmJmYjczMC1lY2FhLTExZTYtOGY4OC0zNDM2M2JjN2M0YzAiOnsiY3JlYXRlIjoxODAwMDAwMDAwMDAwLCJkZWxldGUiOjE4MDAwMDAwMDAwMDAsInJlYWQiOjMwMDAwMDAwMDAwMCwidXBkYXRlIjoxODAwMDAwMDAwMDAwfX0=",
          "dependencies": [
            "module.azurerm_resource_group.azurerm_resource_group.example-rg",
            "module.vmss.random_string.fqdn"
          ]
        }
      ]
    },
    {
      "module": "module.vmss",
      "mode": "managed",
      "type": "azurerm_virtual_machine",
      "name": "jumpbox",
      "provider": "module.vmss.provider[\"registry.terraform.io/hashicorp/azurerm\"]",
      "instances": []
    },
    {
      "module": "module.vmss",
      "mode": "managed",
      "type": "azurerm_virtual_machine_scale_set",
      "name": "vmss",
      "provider": "module.vmss.provider[\"registry.terraform.io/hashicorp/azurerm\"]",
      "instances": []
    },
    {
      "module": "module.vmss",
      "mode": "managed",
      "type": "random_string",
      "name": "fqdn",
      "provider": "provider[\"registry.terraform.io/hashicorp/random\"]",
      "instances": [
        {
          "schema_version": 2,
          "attributes": {
            "id": "indklv",
            "keepers": null,
            "length": 6,
            "lower": true,
            "min_lower": 0,
            "min_numeric": 0,
            "min_special": 0,
            "min_upper": 0,
            "number": false,
            "numeric": false,
            "override_special": null,
            "result": "indklv",
            "special": false,
            "upper": false
          },
          "sensitive_attributes": []
        }
      ]
    }
  ]
}
